
Microsoft Visual Studio Solution File, Format Version 12.00
# Visual Studio Version 17
VisualStudioVersion = 17.0.32112.339
MinimumVisualStudioVersion = 10.0.40219.1
Project("{FAE04EC0-301F-11D3-BF4B-00C04F79EFBC}") = "WebApplication31", "WebApplication31\WebApplication31.csproj", "{A743EABB-F138-4806-9100-387B4F1CEBE9}"
EndProject
Global
	GlobalSection(SolutionConfigurationPlatforms) = preSolution
		Debug|Any CPU = Debug|Any CPU
		Release|Any CPU = Release|Any CPU
	EndGlobalSection
	GlobalSection(ProjectConfigurationPlatforms) = postSolution
		{A743EABB-F138-4806-9100-387B4F1CEBE9}.Debug|Any CPU.ActiveCfg = Debug|Any CPU
		{A743EABB-F138-4806-9100-387B4F1CEBE9}.Debug|Any CPU.Build.0 = Debug|Any CPU
		{A743EABB-F138-4806-9100-387B4F1CEBE9}.Release|Any CPU.ActiveCfg = Release|Any CPU
		{A743EABB-F138-4806-9100-387B4F1CEBE9}.Release|Any CPU.Build.0 = Release|Any CPU
	EndGlobalSection
	GlobalSection(SolutionProperties) = preSolution
		HideSolutionNode = FALSE
	EndGlobalSection
	GlobalSection(ExtensibilityGlobals) = postSolution
		SolutionGuid = {A00DD7EB-4136-444A-BB98-F3DC47C54E31}
	EndGlobalSection
EndGlobal
